
Microsoft Visual Studio Solution File, Format Version 12.00
# Visual Studio Version 17
VisualStudioVersion = 17.6.33815.320
MinimumVisualStudioVersion = 10.0.40219.1
Project("{9A19103F-16F7-4668-BE54-9A1E7A4F7556}") = "myrestservices", "myrestservices.csproj", "{79EAC607-AC73-4619-8A1E-2F3E08D79DF1}"
EndProject
Project("{FAE04EC0-301F-11D3-BF4B-00C04F79EFBC}") = "myrestservicestest", "..\myrestservicestest\myrestservicestest.csproj", "{D29F19E7-0BAA-4917-9980-FF0F73186EB1}"
EndProject
Global
	GlobalSection(SolutionConfigurationPlatforms) = preSolution
		Debug|Any CPU = Debug|Any CPU
		Release|Any CPU = Release|Any CPU
	EndGlobalSection
	GlobalSection(ProjectConfigurationPlatforms) = postSolution
		{79EAC607-AC73-4619-8A1E-2F3E08D79DF1}.Debug|Any CPU.ActiveCfg = Debug|Any CPU
		{79EAC607-AC73-4619-8A1E-2F3E08D79DF1}.Debug|Any CPU.Build.0 = Debug|Any CPU
		{79EAC607-AC73-4619-8A1E-2F3E08D79DF1}.Release|Any CPU.ActiveCfg = Release|Any CPU
		{79EAC607-AC73-4619-8A1E-2F3E08D79DF1}.Release|Any CPU.Build.0 = Release|Any CPU
		{D29F19E7-0BAA-4917-9980-FF0F73186EB1}.Debug|Any CPU.ActiveCfg = Debug|Any CPU
		{D29F19E7-0BAA-4917-9980-FF0F73186EB1}.Debug|Any CPU.Build.0 = Debug|Any CPU
		{D29F19E7-0BAA-4917-9980-FF0F73186EB1}.Release|Any CPU.ActiveCfg = Release|Any CPU
		{D29F19E7-0BAA-4917-9980-FF0F73186EB1}.Release|Any CPU.Build.0 = Release|Any CPU
	EndGlobalSection
	GlobalSection(SolutionProperties) = preSolution
		HideSolutionNode = FALSE
	EndGlobalSection
	GlobalSection(ExtensibilityGlobals) = postSolution
		SolutionGuid = {C1E5454F-E0C6-4BFE-ABE6-76C84E6CDF22}
	EndGlobalSection
EndGlobal
